<?xml version="1.0" encoding="UTF-8" standalone="yes" ?>
<CodeBlocks_project_file>
	<FileVersion major="1" minor="6" />
	<Project>
		<Option title="simple_client_cpp" />
		<Option pch_mode="2" />
		<Option compiler="gcc" />
		<Build>
			<Target title="Debug">
				<Option output="bin/Debug/simple_client_cpp" prefix_auto="1" extension_auto="1" />
				<Option object_output="obj/Debug/" />
				<Option type="1" />
				<Option compiler="gcc" />
				<Compiler>
					<Add option="-g" />
					<Add directory="include" />
				</Compiler>
			</Target>
			<Target title="Release">
				<Option output="bin/Release/simple_client_cpp" prefix_auto="1" extension_auto="1" />
				<Option object_output="obj/Release/" />
				<Option type="1" />
				<Option compiler="gcc" />
				<Compiler>
					<Add option="-O2" />
				</Compiler>
				<Linker>
					<Add option="-s" />
				</Linker>
			</Target>
		</Build>
		<Compiler>
			<Add option="-Wall" />
			<Add option="-fexceptions" />
		</Compiler>
		<Linker>
			<Add directory="include" />
		</Linker>
		<Unit filename="include/CBaseLogic.h" />
		<Unit filename="include/CGameHandler.h" />
		<Unit filename="include/CGameState.h" />
		<Unit filename="include/CNetwork.h" />
		<Unit filename="include/CStarter.h" />
		<Unit filename="include/rapidxml.hpp" />
		<Unit filename="include/rapidxml_iterators.hpp" />
		<Unit filename="include/rapidxml_print.hpp" />
		<Unit filename="include/rapidxml_utils.hpp" />
		<Unit filename="include/stringbuffer.h" />
		<Unit filename="src/CBaseLogic.cpp" />
		<Unit filename="src/CGameHandler.cpp" />
		<Unit filename="src/CGameState.cpp" />
		<Unit filename="src/CNetwork.cpp" />
		<Unit filename="src/CStarter.cpp" />
		<Extensions>
			<code_completion>
				<search_path add="include" />
			</code_completion>
			<envvars />
			<debugger />
		</Extensions>
	</Project>
</CodeBlocks_project_file>
